
Microsoft Visual Studio Solution File, Format Version 12.00
# Visual Studio 14
VisualStudioVersion = 14.0.25420.1
MinimumVisualStudioVersion = 10.0.40219.1
Project("{2150E333-8FDC-42A3-9474-1A3956D46DE8}") = "Web", "Web", "{66D473A8-634A-4131-AFD2-AF395915C8BD}"
EndProject
Project("{FAE04EC0-301F-11D3-BF4B-00C04F79EFBC}") = "LibrarySystem.Web", "Web\LibrarySystem.Web\LibrarySystem.Web.csproj", "{E0BCF66E-017A-4A37-ABAF-1A5AD232E9D0}"
EndProject
Project("{2150E333-8FDC-42A3-9474-1A3956D46DE8}") = "Data", "Data", "{1C4A5452-C140-493F-B5F9-0C592D85EF3A}"
EndProject
Project("{FAE04EC0-301F-11D3-BF4B-00C04F79EFBC}") = "LibrarySystem.Data", "Data\LibrarySystem.Data\LibrarySystem.Data.csproj", "{BBD9C126-4362-45D2-8C98-7B716CFEA714}"
EndProject
Project("{FAE04EC0-301F-11D3-BF4B-00C04F79EFBC}") = "LibrarySytem.Data.Models", "Data\LibrarySytem.Data.Models\LibrarySytem.Data.Models.csproj", "{27C359C6-0A45-4839-8B35-ECEFA073A3CC}"
EndProject
Project("{2150E333-8FDC-42A3-9474-1A3956D46DE8}") = "Tests", "Tests", "{D682A328-BBE2-4F04-B794-F13F18420A6D}"
EndProject
Project("{FAE04EC0-301F-11D3-BF4B-00C04F79EFBC}") = "LibrarySystem.Models.Tests", "Tests\LibrarySystem.Models.Tests\LibrarySystem.Models.Tests.csproj", "{FEEA6817-B8A1-49FD-8099-3304562E1B82}"
EndProject
Project("{FAE04EC0-301F-11D3-BF4B-00C04F79EFBC}") = "LibrarySystem.Data.Tests", "Tests\LibrarySystem.Data.Tests\LibrarySystem.Data.Tests.csproj", "{2005FE71-8B4A-4419-88B1-B07D0668BAAB}"
EndProject
Global
	GlobalSection(SolutionConfigurationPlatforms) = preSolution
		Debug|Any CPU = Debug|Any CPU
		Release|Any CPU = Release|Any CPU
	EndGlobalSection
	GlobalSection(ProjectConfigurationPlatforms) = postSolution
		{E0BCF66E-017A-4A37-ABAF-1A5AD232E9D0}.Debug|Any CPU.ActiveCfg = Debug|Any CPU
		{E0BCF66E-017A-4A37-ABAF-1A5AD232E9D0}.Debug|Any CPU.Build.0 = Debug|Any CPU
		{E0BCF66E-017A-4A37-ABAF-1A5AD232E9D0}.Release|Any CPU.ActiveCfg = Release|Any CPU
		{E0BCF66E-017A-4A37-ABAF-1A5AD232E9D0}.Release|Any CPU.Build.0 = Release|Any CPU
		{BBD9C126-4362-45D2-8C98-7B716CFEA714}.Debug|Any CPU.ActiveCfg = Debug|Any CPU
		{BBD9C126-4362-45D2-8C98-7B716CFEA714}.Debug|Any CPU.Build.0 = Debug|Any CPU
		{BBD9C126-4362-45D2-8C98-7B716CFEA714}.Release|Any CPU.ActiveCfg = Release|Any CPU
		{BBD9C126-4362-45D2-8C98-7B716CFEA714}.Release|Any CPU.Build.0 = Release|Any CPU
		{27C359C6-0A45-4839-8B35-ECEFA073A3CC}.Debug|Any CPU.ActiveCfg = Debug|Any CPU
		{27C359C6-0A45-4839-8B35-ECEFA073A3CC}.Debug|Any CPU.Build.0 = Debug|Any CPU
		{27C359C6-0A45-4839-8B35-ECEFA073A3CC}.Release|Any CPU.ActiveCfg = Release|Any CPU
		{27C359C6-0A45-4839-8B35-ECEFA073A3CC}.Release|Any CPU.Build.0 = Release|Any CPU
		{FEEA6817-B8A1-49FD-8099-3304562E1B82}.Debug|Any CPU.ActiveCfg = Debug|Any CPU
		{FEEA6817-B8A1-49FD-8099-3304562E1B82}.Debug|Any CPU.Build.0 = Debug|Any CPU
		{FEEA6817-B8A1-49FD-8099-3304562E1B82}.Release|Any CPU.ActiveCfg = Release|Any CPU
		{FEEA6817-B8A1-49FD-8099-3304562E1B82}.Release|Any CPU.Build.0 = Release|Any CPU
		{2005FE71-8B4A-4419-88B1-B07D0668BAAB}.Debug|Any CPU.ActiveCfg = Debug|Any CPU
		{2005FE71-8B4A-4419-88B1-B07D0668BAAB}.Debug|Any CPU.Build.0 = Debug|Any CPU
		{2005FE71-8B4A-4419-88B1-B07D0668BAAB}.Release|Any CPU.ActiveCfg = Release|Any CPU
		{2005FE71-8B4A-4419-88B1-B07D0668BAAB}.Release|Any CPU.Build.0 = Release|Any CPU
	EndGlobalSection
	GlobalSection(SolutionProperties) = preSolution
		HideSolutionNode = FALSE
	EndGlobalSection
	GlobalSection(NestedProjects) = preSolution
		{E0BCF66E-017A-4A37-ABAF-1A5AD232E9D0} = {66D473A8-634A-4131-AFD2-AF395915C8BD}
		{BBD9C126-4362-45D2-8C98-7B716CFEA714} = {1C4A5452-C140-493F-B5F9-0C592D85EF3A}
		{27C359C6-0A45-4839-8B35-ECEFA073A3CC} = {1C4A5452-C140-493F-B5F9-0C592D85EF3A}
		{FEEA6817-B8A1-49FD-8099-3304562E1B82} = {D682A328-BBE2-4F04-B794-F13F18420A6D}
		{2005FE71-8B4A-4419-88B1-B07D0668BAAB} = {D682A328-BBE2-4F04-B794-F13F18420A6D}
	EndGlobalSection
EndGlobal
