
Microsoft Visual Studio Solution File, Format Version 12.00
# Visual Studio 14
VisualStudioVersion = 14.0.25420.1
MinimumVisualStudioVersion = 10.0.40219.1
Project("{2150E333-8FDC-42A3-9474-1A3956D46DE8}") = "Web", "Web", "{66D473A8-634A-4131-AFD2-AF395915C8BD}"
EndProject
Project("{FAE04EC0-301F-11D3-BF4B-00C04F79EFBC}") = "LibrarySystem.Web", "Web\LibrarySystem.Web\LibrarySystem.Web.csproj", "{E0BCF66E-017A-4A37-ABAF-1A5AD232E9D0}"
EndProject
Project("{2150E333-8FDC-42A3-9474-1A3956D46DE8}") = "Data", "Data", "{1C4A5452-C140-493F-B5F9-0C592D85EF3A}"
EndProject
Project("{FAE04EC0-301F-11D3-BF4B-00C04F79EFBC}") = "LibrarySystem.Data", "Data\LibrarySystem.Data\LibrarySystem.Data.csproj", "{BBD9C126-4362-45D2-8C98-7B716CFEA714}"
EndProject
Project("{FAE04EC0-301F-11D3-BF4B-00C04F79EFBC}") = "LibrarySytem.Data.Models", "Data\LibrarySytem.Data.Models\LibrarySytem.Data.Models.csproj", "{27C359C6-0A45-4839-8B35-ECEFA073A3CC}"
EndProject
Project("{2150E333-8FDC-42A3-9474-1A3956D46DE8}") = "Tests", "Tests", "{D682A328-BBE2-4F04-B794-F13F18420A6D}"
EndProject
Project("{FAE04EC0-301F-11D3-BF4B-00C04F79EFBC}") = "LibrarySystem.Data.Tests", "Tests\LibrarySystem.Data.Tests\LibrarySystem.Data.Tests.csproj", "{2005FE71-8B4A-4419-88B1-B07D0668BAAB}"
EndProject
Project("{2150E333-8FDC-42A3-9474-1A3956D46DE8}") = "Services", "Services", "{A9767ED7-9119-4050-801F-BADA043D99E5}"
EndProject
Project("{FAE04EC0-301F-11D3-BF4B-00C04F79EFBC}") = "LibrarySystem.Data.Services", "Services\LibrarySystem.Data.Services\LibrarySystem.Data.Services.csproj", "{F3937677-8FAF-426E-9AA3-E9FF78D42A97}"
EndProject
Project("{FAE04EC0-301F-11D3-BF4B-00C04F79EFBC}") = "LibrarySystem.Data.Services.Tests", "Tests\LibrarySystem.Data.Services.Tests\LibrarySystem.Data.Services.Tests.csproj", "{9C81B7AB-EA8B-4F3B-94F2-3C02D969CD33}"
EndProject
Project("{2150E333-8FDC-42A3-9474-1A3956D46DE8}") = "AutomatisationPackages", "AutomatisationPackages", "{D2174134-1BBE-4485-891C-7C060124D87D}"
EndProject
Project("{FAE04EC0-301F-11D3-BF4B-00C04F79EFBC}") = "JenkinsPackages", "JenkinsPackages\JenkinsPackages.csproj", "{DE69E56B-A5DE-4056-B76F-9AC1D3D69DAA}"
EndProject
Project("{FAE04EC0-301F-11D3-BF4B-00C04F79EFBC}") = "LibrarySystem.Data.Models.Tests", "Tests\LibrarySystem.Data.Models.Tests\LibrarySystem.Data.Models.Tests.csproj", "{E0D8359A-801A-47A8-B8C4-E4DE44D7E6B6}"
EndProject
Project("{FAE04EC0-301F-11D3-BF4B-00C04F79EFBC}") = "LibrarySystem.Web.Controllers.Tests", "LibrarySystem.Web.Controllers.Tests\LibrarySystem.Web.Controllers.Tests.csproj", "{CDBD6DD1-EA44-4DF9-8414-243C573EF27D}"
EndProject
Global
	GlobalSection(SolutionConfigurationPlatforms) = preSolution
		Debug|Any CPU = Debug|Any CPU
		Release|Any CPU = Release|Any CPU
	EndGlobalSection
	GlobalSection(ProjectConfigurationPlatforms) = postSolution
		{E0BCF66E-017A-4A37-ABAF-1A5AD232E9D0}.Debug|Any CPU.ActiveCfg = Debug|Any CPU
		{E0BCF66E-017A-4A37-ABAF-1A5AD232E9D0}.Debug|Any CPU.Build.0 = Debug|Any CPU
		{E0BCF66E-017A-4A37-ABAF-1A5AD232E9D0}.Release|Any CPU.ActiveCfg = Release|Any CPU
		{E0BCF66E-017A-4A37-ABAF-1A5AD232E9D0}.Release|Any CPU.Build.0 = Release|Any CPU
		{BBD9C126-4362-45D2-8C98-7B716CFEA714}.Debug|Any CPU.ActiveCfg = Debug|Any CPU
		{BBD9C126-4362-45D2-8C98-7B716CFEA714}.Debug|Any CPU.Build.0 = Debug|Any CPU
		{BBD9C126-4362-45D2-8C98-7B716CFEA714}.Release|Any CPU.ActiveCfg = Release|Any CPU
		{BBD9C126-4362-45D2-8C98-7B716CFEA714}.Release|Any CPU.Build.0 = Release|Any CPU
		{27C359C6-0A45-4839-8B35-ECEFA073A3CC}.Debug|Any CPU.ActiveCfg = Debug|Any CPU
		{27C359C6-0A45-4839-8B35-ECEFA073A3CC}.Debug|Any CPU.Build.0 = Debug|Any CPU
		{27C359C6-0A45-4839-8B35-ECEFA073A3CC}.Release|Any CPU.ActiveCfg = Release|Any CPU
		{27C359C6-0A45-4839-8B35-ECEFA073A3CC}.Release|Any CPU.Build.0 = Release|Any CPU
		{2005FE71-8B4A-4419-88B1-B07D0668BAAB}.Debug|Any CPU.ActiveCfg = Debug|Any CPU
		{2005FE71-8B4A-4419-88B1-B07D0668BAAB}.Debug|Any CPU.Build.0 = Debug|Any CPU
		{2005FE71-8B4A-4419-88B1-B07D0668BAAB}.Release|Any CPU.ActiveCfg = Release|Any CPU
		{2005FE71-8B4A-4419-88B1-B07D0668BAAB}.Release|Any CPU.Build.0 = Release|Any CPU
		{F3937677-8FAF-426E-9AA3-E9FF78D42A97}.Debug|Any CPU.ActiveCfg = Debug|Any CPU
		{F3937677-8FAF-426E-9AA3-E9FF78D42A97}.Debug|Any CPU.Build.0 = Debug|Any CPU
		{F3937677-8FAF-426E-9AA3-E9FF78D42A97}.Release|Any CPU.ActiveCfg = Release|Any CPU
		{F3937677-8FAF-426E-9AA3-E9FF78D42A97}.Release|Any CPU.Build.0 = Release|Any CPU
		{9C81B7AB-EA8B-4F3B-94F2-3C02D969CD33}.Debug|Any CPU.ActiveCfg = Debug|Any CPU
		{9C81B7AB-EA8B-4F3B-94F2-3C02D969CD33}.Debug|Any CPU.Build.0 = Debug|Any CPU
		{9C81B7AB-EA8B-4F3B-94F2-3C02D969CD33}.Release|Any CPU.ActiveCfg = Release|Any CPU
		{9C81B7AB-EA8B-4F3B-94F2-3C02D969CD33}.Release|Any CPU.Build.0 = Release|Any CPU
		{DE69E56B-A5DE-4056-B76F-9AC1D3D69DAA}.Debug|Any CPU.ActiveCfg = Debug|Any CPU
		{DE69E56B-A5DE-4056-B76F-9AC1D3D69DAA}.Debug|Any CPU.Build.0 = Debug|Any CPU
		{DE69E56B-A5DE-4056-B76F-9AC1D3D69DAA}.Release|Any CPU.ActiveCfg = Release|Any CPU
		{DE69E56B-A5DE-4056-B76F-9AC1D3D69DAA}.Release|Any CPU.Build.0 = Release|Any CPU
		{E0D8359A-801A-47A8-B8C4-E4DE44D7E6B6}.Debug|Any CPU.ActiveCfg = Debug|Any CPU
		{E0D8359A-801A-47A8-B8C4-E4DE44D7E6B6}.Debug|Any CPU.Build.0 = Debug|Any CPU
		{E0D8359A-801A-47A8-B8C4-E4DE44D7E6B6}.Release|Any CPU.ActiveCfg = Release|Any CPU
		{E0D8359A-801A-47A8-B8C4-E4DE44D7E6B6}.Release|Any CPU.Build.0 = Release|Any CPU
		{CDBD6DD1-EA44-4DF9-8414-243C573EF27D}.Debug|Any CPU.ActiveCfg = Debug|Any CPU
		{CDBD6DD1-EA44-4DF9-8414-243C573EF27D}.Debug|Any CPU.Build.0 = Debug|Any CPU
		{CDBD6DD1-EA44-4DF9-8414-243C573EF27D}.Release|Any CPU.ActiveCfg = Release|Any CPU
		{CDBD6DD1-EA44-4DF9-8414-243C573EF27D}.Release|Any CPU.Build.0 = Release|Any CPU
	EndGlobalSection
	GlobalSection(SolutionProperties) = preSolution
		HideSolutionNode = FALSE
	EndGlobalSection
	GlobalSection(NestedProjects) = preSolution
		{E0BCF66E-017A-4A37-ABAF-1A5AD232E9D0} = {66D473A8-634A-4131-AFD2-AF395915C8BD}
		{BBD9C126-4362-45D2-8C98-7B716CFEA714} = {1C4A5452-C140-493F-B5F9-0C592D85EF3A}
		{27C359C6-0A45-4839-8B35-ECEFA073A3CC} = {1C4A5452-C140-493F-B5F9-0C592D85EF3A}
		{2005FE71-8B4A-4419-88B1-B07D0668BAAB} = {D682A328-BBE2-4F04-B794-F13F18420A6D}
		{F3937677-8FAF-426E-9AA3-E9FF78D42A97} = {A9767ED7-9119-4050-801F-BADA043D99E5}
		{9C81B7AB-EA8B-4F3B-94F2-3C02D969CD33} = {D682A328-BBE2-4F04-B794-F13F18420A6D}
		{DE69E56B-A5DE-4056-B76F-9AC1D3D69DAA} = {D2174134-1BBE-4485-891C-7C060124D87D}
		{E0D8359A-801A-47A8-B8C4-E4DE44D7E6B6} = {D682A328-BBE2-4F04-B794-F13F18420A6D}
		{CDBD6DD1-EA44-4DF9-8414-243C573EF27D} = {D682A328-BBE2-4F04-B794-F13F18420A6D}
	EndGlobalSection
EndGlobal
